# This is a Gradle generated file for dependency locking.
# Manual edits can break the build and are not advised.
# This file is expected to be part of source control.
com.jetbrains:mps-core:2021.1.3
com.jetbrains:mps-environment:2021.1.3
com.jetbrains:mps-openapi:2021.1.3
com.jetbrains:mps-platform:2021.1.3
com.jetbrains:platform-api:2021.1.3
com.jetbrains:util:2021.1.3
log4j:log4j:1.2.17
