# This is a Gradle generated file for dependency locking.
# Manual edits can break the build and are not advised.
# This file is expected to be part of source control.
com.jetbrains:mps-core:2019.3.4
com.jetbrains:mps-environment:2019.3.4
com.jetbrains:mps-openapi:2019.3.4
com.jetbrains:mps-platform:2019.3.4
com.jetbrains:platform-api:2019.3.4
com.jetbrains:util:2019.3.4
