# This is a Gradle generated file for dependency locking.
# Manual edits can break the build and are not advised.
# This file is expected to be part of source control.
com.google.code.gson:gson:2.11.0=classpath
com.google.errorprone:error_prone_annotations:2.27.0=classpath
io.github.java-diff-utils:java-diff-utils:4.12=classpath
org.gradle.kotlin.kotlin-dsl:org.gradle.kotlin.kotlin-dsl.gradle.plugin:6.2.0=classpath
org.gradle.kotlin:gradle-kotlin-dsl-plugins:6.2.0=classpath
org.jetbrains.kotlin.jvm:org.jetbrains.kotlin.jvm.gradle.plugin:2.2.0=classpath
org.jetbrains.kotlin:abi-tools-api:2.2.0=classpath
org.jetbrains.kotlin:fus-statistics-gradle-plugin:2.2.0=classpath
org.jetbrains.kotlin:kotlin-assignment:2.2.0=classpath
org.jetbrains.kotlin:kotlin-build-statistics:2.2.0=classpath
org.jetbrains.kotlin:kotlin-build-tools-api:2.2.0=classpath
org.jetbrains.kotlin:kotlin-compiler-runner:2.2.0=classpath
org.jetbrains.kotlin:kotlin-daemon-client:2.2.0=classpath
org.jetbrains.kotlin:kotlin-gradle-plugin-annotations:2.2.0=classpath
org.jetbrains.kotlin:kotlin-gradle-plugin-api:2.2.0=classpath
org.jetbrains.kotlin:kotlin-gradle-plugin-idea-proto:2.2.0=classpath
org.jetbrains.kotlin:kotlin-gradle-plugin-idea:2.2.0=classpath
org.jetbrains.kotlin:kotlin-gradle-plugin-model:2.2.0=classpath
org.jetbrains.kotlin:kotlin-gradle-plugin:2.2.0=classpath
org.jetbrains.kotlin:kotlin-gradle-plugins-bom:2.2.0=classpath
org.jetbrains.kotlin:kotlin-klib-commonizer-api:2.2.0=classpath
org.jetbrains.kotlin:kotlin-native-utils:2.2.0=classpath
org.jetbrains.kotlin:kotlin-sam-with-receiver:2.2.0=classpath
org.jetbrains.kotlin:kotlin-stdlib:2.2.0=classpath
org.jetbrains.kotlin:kotlin-tooling-core:2.2.0=classpath
org.jetbrains.kotlin:kotlin-util-io:2.2.0=classpath
org.jetbrains.kotlin:kotlin-util-klib-metadata:2.2.0=classpath
org.jetbrains.kotlin:kotlin-util-klib:2.2.0=classpath
org.jetbrains.kotlinx.binary-compatibility-validator:org.jetbrains.kotlinx.binary-compatibility-validator.gradle.plugin:0.18.1=classpath
org.jetbrains.kotlinx:binary-compatibility-validator:0.18.1=classpath
org.jetbrains.kotlinx:kotlinx-coroutines-core-jvm:1.8.0=classpath
org.jetbrains:annotations:13.0=classpath
empty=
