# This is a Gradle generated file for dependency locking.
# Manual edits can break the build and are not advised.
# This file is expected to be part of source control.
de.itemis.mps.build-backends:launcher:2.1.0.62.f5dd7a0=compileClasspath,implementationDependenciesMetadata,runtimeClasspath,testCompileClasspath,testImplementationDependenciesMetadata,testRuntimeClasspath
junit:junit:4.13.2=testCompileClasspath,testImplementationDependenciesMetadata,testRuntimeClasspath
net.java.dev.jna:jna:5.6.0=kotlinCompilerClasspath,kotlinKlibCommonizerClasspath
net.swiftzer.semver:semver:1.1.2=compileClasspath,implementationDependenciesMetadata,runtimeClasspath,testCompileClasspath,testImplementationDependenciesMetadata,testRuntimeClasspath
org.hamcrest:hamcrest-core:1.3=testCompileClasspath,testImplementationDependenciesMetadata,testRuntimeClasspath
org.jetbrains.intellij.deps:trove4j:1.0.20200330=kotlinCompilerClasspath,kotlinKlibCommonizerClasspath
org.jetbrains.kotlin:kotlin-compiler-embeddable:1.7.10=kotlinCompilerClasspath,kotlinKlibCommonizerClasspath
org.jetbrains.kotlin:kotlin-daemon-embeddable:1.7.10=kotlinCompilerClasspath,kotlinKlibCommonizerClasspath
org.jetbrains.kotlin:kotlin-gradle-plugin-api:1.7.10=kotlinCompilerPluginClasspathMain,kotlinCompilerPluginClasspathTest
org.jetbrains.kotlin:kotlin-gradle-plugin-model:1.7.10=kotlinCompilerPluginClasspathMain,kotlinCompilerPluginClasspathTest
org.jetbrains.kotlin:kotlin-klib-commonizer-embeddable:1.7.10=kotlinKlibCommonizerClasspath
org.jetbrains.kotlin:kotlin-native-utils:1.7.10=kotlinCompilerPluginClasspathMain,kotlinCompilerPluginClasspathTest
org.jetbrains.kotlin:kotlin-project-model:1.7.10=kotlinCompilerPluginClasspathMain,kotlinCompilerPluginClasspathTest
org.jetbrains.kotlin:kotlin-reflect:1.5.31=compileOnly
org.jetbrains.kotlin:kotlin-reflect:1.7.10=compileClasspath,compileOnlyDependenciesMetadata,embeddedKotlin,kotlinCompilerClasspath,kotlinKlibCommonizerClasspath,testCompileClasspath,testImplementationDependenciesMetadata,testRuntimeClasspath
org.jetbrains.kotlin:kotlin-sam-with-receiver:1.7.10=kotlinCompilerPluginClasspathMain,kotlinCompilerPluginClasspathTest
org.jetbrains.kotlin:kotlin-script-runtime:1.7.10=kotlinCompilerClasspath,kotlinCompilerPluginClasspathMain,kotlinCompilerPluginClasspathTest,kotlinKlibCommonizerClasspath
org.jetbrains.kotlin:kotlin-scripting-common:1.7.10=kotlinCompilerPluginClasspathMain,kotlinCompilerPluginClasspathTest
org.jetbrains.kotlin:kotlin-scripting-compiler-embeddable:1.7.10=kotlinCompilerPluginClasspathMain,kotlinCompilerPluginClasspathTest
org.jetbrains.kotlin:kotlin-scripting-compiler-impl-embeddable:1.7.10=kotlinCompilerPluginClasspathMain,kotlinCompilerPluginClasspathTest
org.jetbrains.kotlin:kotlin-scripting-jvm:1.7.10=kotlinCompilerPluginClasspathMain,kotlinCompilerPluginClasspathTest
org.jetbrains.kotlin:kotlin-stdlib-common:1.5.31=compileOnly,implementationDependenciesMetadata,runtimeClasspath
org.jetbrains.kotlin:kotlin-stdlib-common:1.7.10=compileClasspath,compileOnlyDependenciesMetadata,embeddedKotlin,kotlinCompilerClasspath,kotlinCompilerPluginClasspathMain,kotlinCompilerPluginClasspathTest,kotlinKlibCommonizerClasspath,testCompileClasspath,testImplementationDependenciesMetadata,testRuntimeClasspath
org.jetbrains.kotlin:kotlin-stdlib-jdk7:1.5.31=compileOnly
org.jetbrains.kotlin:kotlin-stdlib-jdk7:1.7.10=compileClasspath,compileOnlyDependenciesMetadata,embeddedKotlin,testCompileClasspath,testImplementationDependenciesMetadata,testRuntimeClasspath
org.jetbrains.kotlin:kotlin-stdlib-jdk8:1.5.31=compileOnly
org.jetbrains.kotlin:kotlin-stdlib-jdk8:1.7.10=compileClasspath,compileOnlyDependenciesMetadata,embeddedKotlin,testCompileClasspath,testImplementationDependenciesMetadata,testRuntimeClasspath
org.jetbrains.kotlin:kotlin-stdlib:1.5.31=compileOnly,implementationDependenciesMetadata,runtimeClasspath
org.jetbrains.kotlin:kotlin-stdlib:1.7.10=compileClasspath,compileOnlyDependenciesMetadata,embeddedKotlin,kotlinCompilerClasspath,kotlinCompilerPluginClasspathMain,kotlinCompilerPluginClasspathTest,kotlinKlibCommonizerClasspath,testCompileClasspath,testImplementationDependenciesMetadata,testRuntimeClasspath
org.jetbrains.kotlin:kotlin-tooling-core:1.7.10=kotlinCompilerPluginClasspathMain,kotlinCompilerPluginClasspathTest
org.jetbrains.kotlin:kotlin-util-io:1.7.10=kotlinCompilerPluginClasspathMain,kotlinCompilerPluginClasspathTest
org.jetbrains:annotations:13.0=compileClasspath,compileOnly,compileOnlyDependenciesMetadata,embeddedKotlin,implementationDependenciesMetadata,kotlinCompilerClasspath,kotlinCompilerPluginClasspathMain,kotlinCompilerPluginClasspathTest,kotlinKlibCommonizerClasspath,runtimeClasspath,testCompileClasspath,testImplementationDependenciesMetadata,testRuntimeClasspath
empty=annotationProcessor,apiDependenciesMetadata,intransitiveDependenciesMetadata,kotlinCompilerPluginClasspath,kotlinNativeCompilerPluginClasspath,kotlinScriptDef,kotlinScriptDefExtensions,mps,runtimeOnlyDependenciesMetadata,testAnnotationProcessor,testApiDependenciesMetadata,testCompileOnly,testCompileOnlyDependenciesMetadata,testIntransitiveDependenciesMetadata,testKotlinScriptDef,testKotlinScriptDefExtensions,testRuntimeOnlyDependenciesMetadata
