# This is a Gradle generated file for dependency locking.
# Manual edits can break the build and are not advised.
# This file is expected to be part of source control.
com.fasterxml.jackson.core:jackson-annotations:2.11.0
com.fasterxml.jackson.core:jackson-core:2.11.0
com.fasterxml.jackson.core:jackson-databind:2.11.0
com.fasterxml.jackson.dataformat:jackson-dataformat-xml:2.11.0
com.fasterxml.jackson.module:jackson-module-jaxb-annotations:2.11.0
com.fasterxml.woodstox:woodstox-core:6.2.0
com.jetbrains:mps-core:2019.3.4
com.jetbrains:mps-httpsupport-runtime:2019.3.4
com.jetbrains:mps-modelchecker:2019.3.4
com.jetbrains:mps-openapi:2019.3.4
com.jetbrains:mps-project-check:2019.3.4
com.xenomachina:kotlin-argparser:2.0.7
com.xenomachina:xenocom:0.0.7
jakarta.activation:jakarta.activation-api:1.2.1
jakarta.xml.bind:jakarta.xml.bind-api:2.3.2
org.codehaus.woodstox:stax2-api:4.2
org.jetbrains.kotlin:kotlin-stdlib-common:1.3.11
org.jetbrains.kotlin:kotlin-stdlib-jdk7:1.3.11
org.jetbrains.kotlin:kotlin-stdlib-jdk8:1.3.11
org.jetbrains.kotlin:kotlin-stdlib:1.3.11
org.jetbrains.kotlin:kotlin-test-common:1.3.11
org.jetbrains.kotlin:kotlin-test:1.3.11
org.jetbrains:annotations:13.0
