# This is a Gradle generated file for dependency locking.
# Manual edits can break the build and are not advised.
# This file is expected to be part of source control.
com.jetbrains:mps-core:2021.1.4
com.jetbrains:mps-httpsupport-runtime:2021.1.4
com.jetbrains:mps-modelchecker:2021.1.4
com.jetbrains:mps-openapi:2021.1.4
com.jetbrains:mps-platform:2021.1.4
com.jetbrains:mps-project-check:2021.1.4
com.jetbrains:platform-api:2021.1.4
com.jetbrains:util:2021.1.4
log4j:log4j:1.2.17
