# This is a Gradle generated file for dependency locking.
# Manual edits can break the build and are not advised.
# This file is expected to be part of source control.
com.jetbrains:mps-core:2020.3
com.jetbrains:mps-messaging:2020.3
com.jetbrains:mps-openapi:2020.3
com.jetbrains:mps-tool:2020.3
com.jetbrains:platform-api:2020.3
com.jetbrains:platform-concurrency:2020.3
